
Microsoft Visual Studio Solution File, Format Version 12.00
# Visual Studio Version 17
VisualStudioVersion = 17.4.33110.190
MinimumVisualStudioVersion = 10.0.40219.1
Project("{2150E333-8FDC-42A3-9474-1A3956D46DE8}") = "Week1", "Week1", "{A6D8F6FD-007D-4E7B-9BD3-6EEBDB930819}"
EndProject
Project("{2150E333-8FDC-42A3-9474-1A3956D46DE8}") = "Day1", "Day1", "{76734BEA-BD91-4D07-8E96-0B94609EC8EB}"
EndProject
Project("{2150E333-8FDC-42A3-9474-1A3956D46DE8}") = "Day2", "Day2", "{5C0127EE-4639-4E6E-A2CE-FE7EA213F762}"
EndProject
Project("{2150E333-8FDC-42A3-9474-1A3956D46DE8}") = "Lab1", "Lab1", "{01FC66C4-3E00-41E8-82E5-314B85CC7EC6}"
EndProject
Project("{9A19103F-16F7-4668-BE54-9A1E7A4F7556}") = "HelloWorld", "Week1\Day1\Lab1\HelloWorld\HelloWorld.csproj", "{45BF547C-18A9-4427-9AAA-AA42759765DC}"
EndProject
Project("{9A19103F-16F7-4668-BE54-9A1E7A4F7556}") = "CamelCase", "Week1\Day1\Lab1\CamelCase\CamelCase.csproj", "{F988417B-890D-45C0-BD4E-503EB77CAD89}"
EndProject
Project("{9A19103F-16F7-4668-BE54-9A1E7A4F7556}") = "superReducedString", "Week1\Day1\Lab1\superReducedString\superReducedString.csproj", "{EEC2F930-7885-44A4-8826-3393F18D4F02}"
EndProject
Project("{2150E333-8FDC-42A3-9474-1A3956D46DE8}") = "Lab2", "Lab2", "{6E449520-2B23-4B71-BFBC-A46A2C53A35F}"
EndProject
Project("{9A19103F-16F7-4668-BE54-9A1E7A4F7556}") = "PasswordCheck", "Week1\Day1\Lab2\PasswordCheck\PasswordCheck.csproj", "{7AA726CA-1888-4CF0-BE49-A9FEA6E5ABC2}"
EndProject
Project("{2150E333-8FDC-42A3-9474-1A3956D46DE8}") = "Week2", "Week2", "{9C393099-1898-42ED-BBF1-96509CF1A766}"
EndProject
Project("{2150E333-8FDC-42A3-9474-1A3956D46DE8}") = "Day1", "Day1", "{3034E6BF-1F57-4028-9B2C-2F8A1745CBE0}"
EndProject
Project("{2150E333-8FDC-42A3-9474-1A3956D46DE8}") = "LAB", "LAB", "{E7E3FAAF-64CB-418B-807D-8A4668A83A4E}"
EndProject
Project("{9A19103F-16F7-4668-BE54-9A1E7A4F7556}") = "ReverseArray", "Week2\Day1\LAB\ConsoleApp1\ReverseArray.csproj", "{44EB0197-3FA3-4B73-994F-9CCF497F1DBB}"
EndProject
Project("{2150E333-8FDC-42A3-9474-1A3956D46DE8}") = "Excercises", "Excercises", "{2E52D016-F269-446C-A181-EC164C1DDBCB}"
EndProject
Project("{2150E333-8FDC-42A3-9474-1A3956D46DE8}") = "Functions", "Functions", "{9CBD5B6D-DA61-4CD1-BF66-8B7A7187FEF6}"
EndProject
Project("{9A19103F-16F7-4668-BE54-9A1E7A4F7556}") = "CreatingAFunction", "Excercises\Functions\CreatingAFunction\CreatingAFunction.csproj", "{CFE6EDEF-1236-45DF-A3A4-19CC9BB5B437}"
EndProject
Project("{9A19103F-16F7-4668-BE54-9A1E7A4F7556}") = "functionWithPara", "Excercises\Functions\functionWithPara\functionWithPara.csproj", "{0AA91250-9BA7-4D91-91E2-BF4FE102BA3D}"
EndProject
Project("{2150E333-8FDC-42A3-9474-1A3956D46DE8}") = "Arrays", "Arrays", "{A07E957B-7F4A-41A0-8A95-6ECDD8D307FE}"
EndProject
Project("{FAE04EC0-301F-11D3-BF4B-00C04F79EFBC}") = "2DArray", "Excercises\Arrays\2DArray\2DArray.csproj", "{F88543F6-AF70-4C37-AD14-975100599CA9}"
EndProject
Project("{FAE04EC0-301F-11D3-BF4B-00C04F79EFBC}") = "HourGlass", "Week2\Day1\LAB\HourGlass\HourGlass.csproj", "{B49A3B0D-B578-4F05-8638-EE5D760A7BD6}"
EndProject
Global
	GlobalSection(SolutionConfigurationPlatforms) = preSolution
		Debug|Any CPU = Debug|Any CPU
		Release|Any CPU = Release|Any CPU
	EndGlobalSection
	GlobalSection(ProjectConfigurationPlatforms) = postSolution
		{45BF547C-18A9-4427-9AAA-AA42759765DC}.Debug|Any CPU.ActiveCfg = Debug|Any CPU
		{45BF547C-18A9-4427-9AAA-AA42759765DC}.Debug|Any CPU.Build.0 = Debug|Any CPU
		{45BF547C-18A9-4427-9AAA-AA42759765DC}.Release|Any CPU.ActiveCfg = Release|Any CPU
		{45BF547C-18A9-4427-9AAA-AA42759765DC}.Release|Any CPU.Build.0 = Release|Any CPU
		{F988417B-890D-45C0-BD4E-503EB77CAD89}.Debug|Any CPU.ActiveCfg = Debug|Any CPU
		{F988417B-890D-45C0-BD4E-503EB77CAD89}.Debug|Any CPU.Build.0 = Debug|Any CPU
		{F988417B-890D-45C0-BD4E-503EB77CAD89}.Release|Any CPU.ActiveCfg = Release|Any CPU
		{F988417B-890D-45C0-BD4E-503EB77CAD89}.Release|Any CPU.Build.0 = Release|Any CPU
		{EEC2F930-7885-44A4-8826-3393F18D4F02}.Debug|Any CPU.ActiveCfg = Debug|Any CPU
		{EEC2F930-7885-44A4-8826-3393F18D4F02}.Debug|Any CPU.Build.0 = Debug|Any CPU
		{EEC2F930-7885-44A4-8826-3393F18D4F02}.Release|Any CPU.ActiveCfg = Release|Any CPU
		{EEC2F930-7885-44A4-8826-3393F18D4F02}.Release|Any CPU.Build.0 = Release|Any CPU
		{7AA726CA-1888-4CF0-BE49-A9FEA6E5ABC2}.Debug|Any CPU.ActiveCfg = Debug|Any CPU
		{7AA726CA-1888-4CF0-BE49-A9FEA6E5ABC2}.Debug|Any CPU.Build.0 = Debug|Any CPU
		{7AA726CA-1888-4CF0-BE49-A9FEA6E5ABC2}.Release|Any CPU.ActiveCfg = Release|Any CPU
		{7AA726CA-1888-4CF0-BE49-A9FEA6E5ABC2}.Release|Any CPU.Build.0 = Release|Any CPU
		{44EB0197-3FA3-4B73-994F-9CCF497F1DBB}.Debug|Any CPU.ActiveCfg = Debug|Any CPU
		{44EB0197-3FA3-4B73-994F-9CCF497F1DBB}.Debug|Any CPU.Build.0 = Debug|Any CPU
		{44EB0197-3FA3-4B73-994F-9CCF497F1DBB}.Release|Any CPU.ActiveCfg = Release|Any CPU
		{44EB0197-3FA3-4B73-994F-9CCF497F1DBB}.Release|Any CPU.Build.0 = Release|Any CPU
		{CFE6EDEF-1236-45DF-A3A4-19CC9BB5B437}.Debug|Any CPU.ActiveCfg = Debug|Any CPU
		{CFE6EDEF-1236-45DF-A3A4-19CC9BB5B437}.Debug|Any CPU.Build.0 = Debug|Any CPU
		{CFE6EDEF-1236-45DF-A3A4-19CC9BB5B437}.Release|Any CPU.ActiveCfg = Release|Any CPU
		{CFE6EDEF-1236-45DF-A3A4-19CC9BB5B437}.Release|Any CPU.Build.0 = Release|Any CPU
		{0AA91250-9BA7-4D91-91E2-BF4FE102BA3D}.Debug|Any CPU.ActiveCfg = Debug|Any CPU
		{0AA91250-9BA7-4D91-91E2-BF4FE102BA3D}.Debug|Any CPU.Build.0 = Debug|Any CPU
		{0AA91250-9BA7-4D91-91E2-BF4FE102BA3D}.Release|Any CPU.ActiveCfg = Release|Any CPU
		{0AA91250-9BA7-4D91-91E2-BF4FE102BA3D}.Release|Any CPU.Build.0 = Release|Any CPU
		{F88543F6-AF70-4C37-AD14-975100599CA9}.Debug|Any CPU.ActiveCfg = Debug|Any CPU
		{F88543F6-AF70-4C37-AD14-975100599CA9}.Debug|Any CPU.Build.0 = Debug|Any CPU
		{F88543F6-AF70-4C37-AD14-975100599CA9}.Release|Any CPU.ActiveCfg = Release|Any CPU
		{F88543F6-AF70-4C37-AD14-975100599CA9}.Release|Any CPU.Build.0 = Release|Any CPU
		{B49A3B0D-B578-4F05-8638-EE5D760A7BD6}.Debug|Any CPU.ActiveCfg = Debug|Any CPU
		{B49A3B0D-B578-4F05-8638-EE5D760A7BD6}.Debug|Any CPU.Build.0 = Debug|Any CPU
		{B49A3B0D-B578-4F05-8638-EE5D760A7BD6}.Release|Any CPU.ActiveCfg = Release|Any CPU
		{B49A3B0D-B578-4F05-8638-EE5D760A7BD6}.Release|Any CPU.Build.0 = Release|Any CPU
	EndGlobalSection
	GlobalSection(SolutionProperties) = preSolution
		HideSolutionNode = FALSE
	EndGlobalSection
	GlobalSection(NestedProjects) = preSolution
		{76734BEA-BD91-4D07-8E96-0B94609EC8EB} = {A6D8F6FD-007D-4E7B-9BD3-6EEBDB930819}
		{5C0127EE-4639-4E6E-A2CE-FE7EA213F762} = {A6D8F6FD-007D-4E7B-9BD3-6EEBDB930819}
		{01FC66C4-3E00-41E8-82E5-314B85CC7EC6} = {76734BEA-BD91-4D07-8E96-0B94609EC8EB}
		{45BF547C-18A9-4427-9AAA-AA42759765DC} = {01FC66C4-3E00-41E8-82E5-314B85CC7EC6}
		{F988417B-890D-45C0-BD4E-503EB77CAD89} = {01FC66C4-3E00-41E8-82E5-314B85CC7EC6}
		{EEC2F930-7885-44A4-8826-3393F18D4F02} = {01FC66C4-3E00-41E8-82E5-314B85CC7EC6}
		{6E449520-2B23-4B71-BFBC-A46A2C53A35F} = {76734BEA-BD91-4D07-8E96-0B94609EC8EB}
		{7AA726CA-1888-4CF0-BE49-A9FEA6E5ABC2} = {6E449520-2B23-4B71-BFBC-A46A2C53A35F}
		{3034E6BF-1F57-4028-9B2C-2F8A1745CBE0} = {9C393099-1898-42ED-BBF1-96509CF1A766}
		{E7E3FAAF-64CB-418B-807D-8A4668A83A4E} = {3034E6BF-1F57-4028-9B2C-2F8A1745CBE0}
		{44EB0197-3FA3-4B73-994F-9CCF497F1DBB} = {E7E3FAAF-64CB-418B-807D-8A4668A83A4E}
		{9CBD5B6D-DA61-4CD1-BF66-8B7A7187FEF6} = {2E52D016-F269-446C-A181-EC164C1DDBCB}
		{CFE6EDEF-1236-45DF-A3A4-19CC9BB5B437} = {9CBD5B6D-DA61-4CD1-BF66-8B7A7187FEF6}
		{0AA91250-9BA7-4D91-91E2-BF4FE102BA3D} = {9CBD5B6D-DA61-4CD1-BF66-8B7A7187FEF6}
		{A07E957B-7F4A-41A0-8A95-6ECDD8D307FE} = {2E52D016-F269-446C-A181-EC164C1DDBCB}
		{F88543F6-AF70-4C37-AD14-975100599CA9} = {A07E957B-7F4A-41A0-8A95-6ECDD8D307FE}
		{B49A3B0D-B578-4F05-8638-EE5D760A7BD6} = {E7E3FAAF-64CB-418B-807D-8A4668A83A4E}
	EndGlobalSection
	GlobalSection(ExtensibilityGlobals) = postSolution
		SolutionGuid = {66000BB2-1B67-4F27-BC97-CDB1E03F6BE5}
	EndGlobalSection
EndGlobal
