
Microsoft Visual Studio Solution File, Format Version 12.00
# Visual Studio Version 17
VisualStudioVersion = 17.4.33122.133
MinimumVisualStudioVersion = 10.0.40219.1
Project("{FAE04EC0-301F-11D3-BF4B-00C04F79EFBC}") = "CRUD Operations", "CRUD Operations.csproj", "{9C7F2B04-E9A9-4436-9259-DCBDA32E2B98}"
EndProject
Global
	GlobalSection(SolutionConfigurationPlatforms) = preSolution
		Debug|Any CPU = Debug|Any CPU
		Release|Any CPU = Release|Any CPU
	EndGlobalSection
	GlobalSection(ProjectConfigurationPlatforms) = postSolution
		{9C7F2B04-E9A9-4436-9259-DCBDA32E2B98}.Debug|Any CPU.ActiveCfg = Debug|Any CPU
		{9C7F2B04-E9A9-4436-9259-DCBDA32E2B98}.Debug|Any CPU.Build.0 = Debug|Any CPU
		{9C7F2B04-E9A9-4436-9259-DCBDA32E2B98}.Release|Any CPU.ActiveCfg = Release|Any CPU
		{9C7F2B04-E9A9-4436-9259-DCBDA32E2B98}.Release|Any CPU.Build.0 = Release|Any CPU
	EndGlobalSection
	GlobalSection(SolutionProperties) = preSolution
		HideSolutionNode = FALSE
	EndGlobalSection
	GlobalSection(ExtensibilityGlobals) = postSolution
		SolutionGuid = {D02D5A46-6CD6-4CB6-9712-852414BDBBC9}
	EndGlobalSection
EndGlobal
